
Microsoft Visual Studio Solution File, Format Version 12.00
# Visual Studio Version 17
VisualStudioVersion = 17.6.33829.357
MinimumVisualStudioVersion = 10.0.40219.1
Project("{FAE04EC0-301F-11D3-BF4B-00C04F79EFBC}") = "HaiNH_CSharp2_BaiTap2", "HaiNH_CSharp2_BaiTap2.csproj", "{F2B5F70A-5A57-4DB4-B594-2DEB554A9EC2}"
EndProject
Global
	GlobalSection(SolutionConfigurationPlatforms) = preSolution
		Debug|Any CPU = Debug|Any CPU
		Release|Any CPU = Release|Any CPU
	EndGlobalSection
	GlobalSection(ProjectConfigurationPlatforms) = postSolution
		{F2B5F70A-5A57-4DB4-B594-2DEB554A9EC2}.Debug|Any CPU.ActiveCfg = Debug|Any CPU
		{F2B5F70A-5A57-4DB4-B594-2DEB554A9EC2}.Debug|Any CPU.Build.0 = Debug|Any CPU
		{F2B5F70A-5A57-4DB4-B594-2DEB554A9EC2}.Release|Any CPU.ActiveCfg = Release|Any CPU
		{F2B5F70A-5A57-4DB4-B594-2DEB554A9EC2}.Release|Any CPU.Build.0 = Release|Any CPU
	EndGlobalSection
	GlobalSection(SolutionProperties) = preSolution
		HideSolutionNode = FALSE
	EndGlobalSection
	GlobalSection(ExtensibilityGlobals) = postSolution
		SolutionGuid = {CB882FE1-0831-4F07-A1DD-4B8378488C53}
	EndGlobalSection
EndGlobal
